# THIS IS AN AUTOGENERATED FILE. DO NOT EDIT THIS FILE DIRECTLY.
# yarn lockfile v1


"@alloc/quick-lru@^5.2.0":
  version "5.2.0"
  resolved "https://registry.yarnpkg.com/@alloc/quick-lru/-/quick-lru-5.2.0.tgz#7bf68b20c0a350f936915fcae06f58e32007ce30"
  integrity sha512-UrcABB+4bUrFABwbluTIBErXwvbsU/V7TZWfmbgJfbkwiBuziS9gxdODUyuiecfdGQ85jglMW6juS3+z5TsKLw==

"@anthropic-ai/sdk@^0.24.0":
  version "0.24.0"
  resolved "https://registry.yarnpkg.com/@anthropic-ai/sdk/-/sdk-0.24.0.tgz#6dd50f4e7f3fee35457852de844b047cd6221364"
  integrity sha512-iMb1bQimQrSw/Rq6duPiuCJ7uvlSciq5PWp17jVOfy5dK2EJY36ol10ttwb+Zf6yzkKHMdt+vNIpznj/HsPXOg==
  dependencies:
    "@types/node" "^18.11.18"
    "@types/node-fetch" "^2.6.4"
    abort-controller "^3.0.0"
    agentkeepalive "^4.2.1"
    form-data-encoder "1.7.2"
    formdata-node "^4.3.2"
    node-fetch "^2.6.7"
    web-streams-polyfill "^3.2.1"

"@babel/runtime@^7.13.10":
  version "7.24.7"
  resolved "https://registry.yarnpkg.com/@babel/runtime/-/runtime-7.24.7.tgz#f4f0d5530e8dbdf59b3451b9b3e594b6ba082e12"
  integrity sha512-UwgBRMjJP+xv857DCngvqXI3Iq6J4v0wXmwc6sapg+zyhbwmQX67LUEFrkK5tbyJ30jGuG3ZvWpBiB9LCy1kWw==
  dependencies:
    regenerator-runtime "^0.14.0"

"@eslint-community/eslint-utils@^4.2.0":
  version "4.4.0"
  resolved "https://registry.yarnpkg.com/@eslint-community/eslint-utils/-/eslint-utils-4.4.0.tgz#a23514e8fb9af1269d5f7788aa556798d61c6b59"
  integrity sha512-1/sA4dwrzBAyeUoQ6oxahHKmrZvsnLCg4RfxW3ZFGGmQkSNQPFNLV9CUEFQP1x9EYXHTo5p6xdhZM1Ne9p/AfA==
  dependencies:
    eslint-visitor-keys "^3.3.0"

"@eslint-community/regexpp@^4.6.1":
  version "4.10.1"
  resolved "https://registry.yarnpkg.com/@eslint-community/regexpp/-/regexpp-4.10.1.tgz#361461e5cb3845d874e61731c11cfedd664d83a0"
  integrity sha512-Zm2NGpWELsQAD1xsJzGQpYfvICSsFkEpU0jxBjfdC6uNEWXcHnfs9hScFWtXVDVl+rBQJGrl4g1vcKIejpH9dA==

"@eslint/eslintrc@^2.1.4":
  version "2.1.4"
  resolved "https://registry.yarnpkg.com/@eslint/eslintrc/-/eslintrc-2.1.4.tgz#388a269f0f25c1b6adc317b5a2c55714894c70ad"
  integrity sha512-269Z39MS6wVJtsoUl10L60WdkhJVdPG24Q4eZTH3nnF6lpvSShEK3wQjDX9JRWAUPvPh7COouPpU9IrqaZFvtQ==
  dependencies:
    ajv "^6.12.4"
    debug "^4.3.2"
    espree "^9.6.0"
    globals "^13.19.0"
    ignore "^5.2.0"
    import-fresh "^3.2.1"
    js-yaml "^4.1.0"
    minimatch "^3.1.2"
    strip-json-comments "^3.1.1"

"@eslint/js@8.57.0":
  version "8.57.0"
  resolved "https://registry.yarnpkg.com/@eslint/js/-/js-8.57.0.tgz#a5417ae8427873f1dd08b70b3574b453e67b5f7f"
  integrity sha512-Ys+3g2TaW7gADOJzPt83SJtCDhMjndcDMFVQ/Tj9iA1BfJzFKD9mAUXT3OenpuPHbI6P/myECxRJrofUsDx/5g==

"@floating-ui/core@^1.0.0":
  version "1.6.2"
  resolved "https://registry.yarnpkg.com/@floating-ui/core/-/core-1.6.2.tgz#d37f3e0ac1f1c756c7de45db13303a266226851a"
  integrity sha512-+2XpQV9LLZeanU4ZevzRnGFg2neDeKHgFLjP6YLW+tly0IvrhqT4u8enLGjLH3qeh85g19xY5rsAusfwTdn5lg==
  dependencies:
    "@floating-ui/utils" "^0.2.0"

"@floating-ui/dom@^1.0.0":
  version "1.6.5"
  resolved "https://registry.yarnpkg.com/@floating-ui/dom/-/dom-1.6.5.tgz#323f065c003f1d3ecf0ff16d2c2c4d38979f4cb9"
  integrity sha512-Nsdud2X65Dz+1RHjAIP0t8z5e2ff/IRbei6BqFrl1urT8sDVzM1HMQ+R0XcU5ceRfyO3I6ayeqIfh+6Wb8LGTw==
  dependencies:
    "@floating-ui/core" "^1.0.0"
    "@floating-ui/utils" "^0.2.0"

"@floating-ui/react-dom@^2.0.0":
  version "2.1.0"
  resolved "https://registry.yarnpkg.com/@floating-ui/react-dom/-/react-dom-2.1.0.tgz#4f0e5e9920137874b2405f7d6c862873baf4beff"
  integrity sha512-lNzj5EQmEKn5FFKc04+zasr09h/uX8RtJRNj5gUXsSQIXHVWTVh+hVAg1vOMCexkX8EgvemMvIFpQfkosnVNyA==
  dependencies:
    "@floating-ui/dom" "^1.0.0"

"@floating-ui/utils@^0.2.0":
  version "0.2.2"
  resolved "https://registry.yarnpkg.com/@floating-ui/utils/-/utils-0.2.2.tgz#d8bae93ac8b815b2bd7a98078cf91e2724ef11e5"
  integrity sha512-J4yDIIthosAsRZ5CPYP/jQvUAQtlZTTD/4suA08/FEnlxqW3sKS9iAhgsa9VYLZ6vDHn/ixJgIqRQPotoBjxIw==

"@humanwhocodes/config-array@^0.11.14":
  version "0.11.14"
  resolved "https://registry.yarnpkg.com/@humanwhocodes/config-array/-/config-array-0.11.14.tgz#d78e481a039f7566ecc9660b4ea7fe6b1fec442b"
  integrity sha512-3T8LkOmg45BV5FICb15QQMsyUSWrQ8AygVfC7ZG32zOalnqrilm018ZVCw0eapXux8FtA33q8PSRSstjee3jSg==
  dependencies:
    "@humanwhocodes/object-schema" "^2.0.2"
    debug "^4.3.1"
    minimatch "^3.0.5"

"@humanwhocodes/module-importer@^1.0.1":
  version "1.0.1"
  resolved "https://registry.yarnpkg.com/@humanwhocodes/module-importer/-/module-importer-1.0.1.tgz#af5b2691a22b44be847b0ca81641c5fb6ad0172c"
  integrity sha512-bxveV4V8v5Yb4ncFTT3rPSgZBOpCkjfK0y4oVVVJwIuDVBRMDXrPyXRL988i5ap9m9bnyEEjWfm5WkBmtffLfA==

"@humanwhocodes/object-schema